
Microsoft Visual Studio Solution File, Format Version 12.00
# Visual Studio Version 17
VisualStudioVersion = 17.9.34714.143
MinimumVisualStudioVersion = 10.0.40219.1
Project("{FAE04EC0-301F-11D3-BF4B-00C04F79EFBC}") = "HashSet", "..\HashSet\HashSet.csproj", "{9ECFF63E-288C-4883-84DB-0FA761A7BBD6}"
EndProject
Project("{FAE04EC0-301F-11D3-BF4B-00C04F79EFBC}") = "List", "..\List\List.csproj", "{113EE56C-DC25-4B1D-ADAE-9DBE777BD077}"
EndProject
Project("{FAE04EC0-301F-11D3-BF4B-00C04F79EFBC}") = "Dictionary", "..\Dictionary\Dictionary.csproj", "{27073291-9385-465C-A2BD-4F69386C00C0}"
EndProject
Global
	GlobalSection(SolutionConfigurationPlatforms) = preSolution
		Debug|Any CPU = Debug|Any CPU
		Release|Any CPU = Release|Any CPU
	EndGlobalSection
	GlobalSection(ProjectConfigurationPlatforms) = postSolution
		{9ECFF63E-288C-4883-84DB-0FA761A7BBD6}.Debug|Any CPU.ActiveCfg = Debug|Any CPU
		{9ECFF63E-288C-4883-84DB-0FA761A7BBD6}.Debug|Any CPU.Build.0 = Debug|Any CPU
		{9ECFF63E-288C-4883-84DB-0FA761A7BBD6}.Release|Any CPU.ActiveCfg = Release|Any CPU
		{9ECFF63E-288C-4883-84DB-0FA761A7BBD6}.Release|Any CPU.Build.0 = Release|Any CPU
		{113EE56C-DC25-4B1D-ADAE-9DBE777BD077}.Debug|Any CPU.ActiveCfg = Debug|Any CPU
		{113EE56C-DC25-4B1D-ADAE-9DBE777BD077}.Debug|Any CPU.Build.0 = Debug|Any CPU
		{113EE56C-DC25-4B1D-ADAE-9DBE777BD077}.Release|Any CPU.ActiveCfg = Release|Any CPU
		{113EE56C-DC25-4B1D-ADAE-9DBE777BD077}.Release|Any CPU.Build.0 = Release|Any CPU
		{27073291-9385-465C-A2BD-4F69386C00C0}.Debug|Any CPU.ActiveCfg = Debug|Any CPU
		{27073291-9385-465C-A2BD-4F69386C00C0}.Debug|Any CPU.Build.0 = Debug|Any CPU
		{27073291-9385-465C-A2BD-4F69386C00C0}.Release|Any CPU.ActiveCfg = Release|Any CPU
		{27073291-9385-465C-A2BD-4F69386C00C0}.Release|Any CPU.Build.0 = Release|Any CPU
	EndGlobalSection
	GlobalSection(SolutionProperties) = preSolution
		HideSolutionNode = FALSE
	EndGlobalSection
	GlobalSection(ExtensibilityGlobals) = postSolution
		SolutionGuid = {88E04F3E-14F5-425E-8A30-1733A41CFFA9}
	EndGlobalSection
EndGlobal
